{
    "name": "webpack",
    "version": "1.0.0",
    "lockfileVersion": 1,
    "requires": true,
    "dependencies": {
        "babel-plugin-transform-runtime": {
            "version": "6.23.0",
            "resolved": "http://registry.npm.taobao.org/babel-plugin-transform-runtime/download/babel-plugin-transform-runtime-6.23.0.tgz",
            "integrity": "sha1-iEkNRGUC6puOfvsP4J7E2ZR5se4=",
            "dev": true,
            "requires": {
                "babel-runtime": "^6.22.0"
            }
        },
        "babel-polyfill": {
            "version": "6.26.0",
            "resolved": "http://registry.npm.taobao.org/babel-polyfill/download/babel-polyfill-6.26.0.tgz",
            "integrity": "sha1-N5k3q8Z9eJWXCtxiHyhM2WbPIVM=",
            "dev": true,
            "requires": {
                "babel-runtime": "^6.26.0",
                "core-js": "^2.5.0",
                "regenerator-runtime": "^0.10.5"
            },
            "dependencies": {
                "regenerator-runtime": {
                    "version": "0.10.5",
                    "resolved": "http://registry.npm.taobao.org/regenerator-runtime/download/regenerator-runtime-0.10.5.tgz",
                    "integrity": "sha1-M2w+/BIgrc7dosn6tntaeVWjNlg=",
                    "dev": true
                }
            }
        },
        "babel-runtime": {
            "version": "6.26.0",
            "resolved": "http://registry.npm.taobao.org/babel-runtime/download/babel-runtime-6.26.0.tgz",
            "integrity": "sha1-llxwWGaOgrVde/4E/yM3vItWR/4=",
            "dev": true,
            "requires": {
                "core-js": "^2.4.0",
                "regenerator-runtime": "^0.11.0"
            }
        },
        "core-js": {
            "version": "2.6.5",
            "resolved": "http://registry.npm.taobao.org/core-js/download/core-js-2.6.5.tgz?cache=0&other_urls=http%3A%2F%2Fregistry.npm.taobao.org%2Fcore-js%2Fdownload%2Fcore-js-2.6.5.tgz",
            "integrity": "sha1-RLyNJJ5/sv9dAOA0Gn/7lPv2eJU=",
            "dev": true
        },
        "regenerator-runtime": {
            "version": "0.11.1",
            "resolved": "http://registry.npm.taobao.org/regenerator-runtime/download/regenerator-runtime-0.11.1.tgz",
            "integrity": "sha1-vgWtf5v30i4Fb5cmzuUBf78Z4uk=",
            "dev": true
        }
    }
}
